
Microsoft Visual Studio Solution File, Format Version 12.00
# Visual Studio Version 17
VisualStudioVersion = 17.5.002.0
MinimumVisualStudioVersion = 10.0.40219.1
Project("{9A19103F-16F7-4668-BE54-9A1E7A4F7556}") = "DotNetMvc", "DotNetMvc.csproj", "{7062C0C1-C21C-4DCE-8BDC-12EF2F0848A9}"
EndProject
Global
	GlobalSection(SolutionConfigurationPlatforms) = preSolution
		Debug|Any CPU = Debug|Any CPU
		Release|Any CPU = Release|Any CPU
	EndGlobalSection
	GlobalSection(ProjectConfigurationPlatforms) = postSolution
		{7062C0C1-C21C-4DCE-8BDC-12EF2F0848A9}.Debug|Any CPU.ActiveCfg = Debug|Any CPU
		{7062C0C1-C21C-4DCE-8BDC-12EF2F0848A9}.Debug|Any CPU.Build.0 = Debug|Any CPU
		{7062C0C1-C21C-4DCE-8BDC-12EF2F0848A9}.Release|Any CPU.ActiveCfg = Release|Any CPU
		{7062C0C1-C21C-4DCE-8BDC-12EF2F0848A9}.Release|Any CPU.Build.0 = Release|Any CPU
	EndGlobalSection
	GlobalSection(SolutionProperties) = preSolution
		HideSolutionNode = FALSE
	EndGlobalSection
	GlobalSection(ExtensibilityGlobals) = postSolution
		SolutionGuid = {88AEF0A0-7E5E-42B3-A518-194CF490E8FB}
	EndGlobalSection
EndGlobal
